
Microsoft Visual Studio Solution File, Format Version 12.00
# Visual Studio 15
VisualStudioVersion = 15.0.26730.10
MinimumVisualStudioVersion = 10.0.40219.1
Project("{FAE04EC0-301F-11D3-BF4B-00C04F79EFBC}") = "Legions.iPhone", "Legions.iPhone\Legions.iPhone.csproj", "{77644F75-0F72-4C5A-8BB8-CA37C78E8699}"
EndProject
Project("{FAE04EC0-301F-11D3-BF4B-00C04F79EFBC}") = "Legions.Andriod", "Legions.Andriod\Legions.Andriod.csproj", "{A4C48490-86EA-4312-84D7-2A5208A51B56}"
EndProject
Project("{FAE04EC0-301F-11D3-BF4B-00C04F79EFBC}") = "Legions", "Legions\Legions.csproj", "{AA4FB214-AE7E-4B2E-916C-0881283D557E}"
EndProject
Global
	GlobalSection(SolutionConfigurationPlatforms) = preSolution
		Ad-Hoc|Any CPU = Ad-Hoc|Any CPU
		Ad-Hoc|iPhone = Ad-Hoc|iPhone
		Ad-Hoc|iPhoneSimulator = Ad-Hoc|iPhoneSimulator
		AppStore|Any CPU = AppStore|Any CPU
		AppStore|iPhone = AppStore|iPhone
		AppStore|iPhoneSimulator = AppStore|iPhoneSimulator
		Debug|Any CPU = Debug|Any CPU
		Debug|iPhone = Debug|iPhone
		Debug|iPhoneSimulator = Debug|iPhoneSimulator
		Release|Any CPU = Release|Any CPU
		Release|iPhone = Release|iPhone
		Release|iPhoneSimulator = Release|iPhoneSimulator
	EndGlobalSection
	GlobalSection(ProjectConfigurationPlatforms) = postSolution
		{77644F75-0F72-4C5A-8BB8-CA37C78E8699}.Ad-Hoc|Any CPU.ActiveCfg = Ad-Hoc|iPhone
		{77644F75-0F72-4C5A-8BB8-CA37C78E8699}.Ad-Hoc|iPhone.ActiveCfg = Ad-Hoc|iPhone
		{77644F75-0F72-4C5A-8BB8-CA37C78E8699}.Ad-Hoc|iPhone.Build.0 = Ad-Hoc|iPhone
		{77644F75-0F72-4C5A-8BB8-CA37C78E8699}.Ad-Hoc|iPhoneSimulator.ActiveCfg = Ad-Hoc|iPhoneSimulator
		{77644F75-0F72-4C5A-8BB8-CA37C78E8699}.Ad-Hoc|iPhoneSimulator.Build.0 = Ad-Hoc|iPhoneSimulator
		{77644F75-0F72-4C5A-8BB8-CA37C78E8699}.AppStore|Any CPU.ActiveCfg = AppStore|iPhone
		{77644F75-0F72-4C5A-8BB8-CA37C78E8699}.AppStore|iPhone.ActiveCfg = AppStore|iPhone
		{77644F75-0F72-4C5A-8BB8-CA37C78E8699}.AppStore|iPhone.Build.0 = AppStore|iPhone
		{77644F75-0F72-4C5A-8BB8-CA37C78E8699}.AppStore|iPhoneSimulator.ActiveCfg = AppStore|iPhoneSimulator
		{77644F75-0F72-4C5A-8BB8-CA37C78E8699}.AppStore|iPhoneSimulator.Build.0 = AppStore|iPhoneSimulator
		{77644F75-0F72-4C5A-8BB8-CA37C78E8699}.Debug|Any CPU.ActiveCfg = Debug|iPhone
		{77644F75-0F72-4C5A-8BB8-CA37C78E8699}.Debug|iPhone.ActiveCfg = Debug|iPhone
		{77644F75-0F72-4C5A-8BB8-CA37C78E8699}.Debug|iPhone.Build.0 = Debug|iPhone
		{77644F75-0F72-4C5A-8BB8-CA37C78E8699}.Debug|iPhoneSimulator.ActiveCfg = Debug|iPhoneSimulator
		{77644F75-0F72-4C5A-8BB8-CA37C78E8699}.Debug|iPhoneSimulator.Build.0 = Debug|iPhoneSimulator
		{77644F75-0F72-4C5A-8BB8-CA37C78E8699}.Release|Any CPU.ActiveCfg = Release|iPhone
		{77644F75-0F72-4C5A-8BB8-CA37C78E8699}.Release|iPhone.ActiveCfg = Release|iPhone
		{77644F75-0F72-4C5A-8BB8-CA37C78E8699}.Release|iPhone.Build.0 = Release|iPhone
		{77644F75-0F72-4C5A-8BB8-CA37C78E8699}.Release|iPhoneSimulator.ActiveCfg = Release|iPhoneSimulator
		{77644F75-0F72-4C5A-8BB8-CA37C78E8699}.Release|iPhoneSimulator.Build.0 = Release|iPhoneSimulator
		{A4C48490-86EA-4312-84D7-2A5208A51B56}.Ad-Hoc|Any CPU.ActiveCfg = Release|Any CPU
		{A4C48490-86EA-4312-84D7-2A5208A51B56}.Ad-Hoc|Any CPU.Build.0 = Release|Any CPU
		{A4C48490-86EA-4312-84D7-2A5208A51B56}.Ad-Hoc|Any CPU.Deploy.0 = Release|Any CPU
		{A4C48490-86EA-4312-84D7-2A5208A51B56}.Ad-Hoc|iPhone.ActiveCfg = Release|Any CPU
		{A4C48490-86EA-4312-84D7-2A5208A51B56}.Ad-Hoc|iPhone.Build.0 = Release|Any CPU
		{A4C48490-86EA-4312-84D7-2A5208A51B56}.Ad-Hoc|iPhone.Deploy.0 = Release|Any CPU
		{A4C48490-86EA-4312-84D7-2A5208A51B56}.Ad-Hoc|iPhoneSimulator.ActiveCfg = Release|Any CPU
		{A4C48490-86EA-4312-84D7-2A5208A51B56}.Ad-Hoc|iPhoneSimulator.Build.0 = Release|Any CPU
		{A4C48490-86EA-4312-84D7-2A5208A51B56}.Ad-Hoc|iPhoneSimulator.Deploy.0 = Release|Any CPU
		{A4C48490-86EA-4312-84D7-2A5208A51B56}.AppStore|Any CPU.ActiveCfg = Release|Any CPU
		{A4C48490-86EA-4312-84D7-2A5208A51B56}.AppStore|Any CPU.Build.0 = Release|Any CPU
		{A4C48490-86EA-4312-84D7-2A5208A51B56}.AppStore|Any CPU.Deploy.0 = Release|Any CPU
		{A4C48490-86EA-4312-84D7-2A5208A51B56}.AppStore|iPhone.ActiveCfg = Release|Any CPU
		{A4C48490-86EA-4312-84D7-2A5208A51B56}.AppStore|iPhone.Build.0 = Release|Any CPU
		{A4C48490-86EA-4312-84D7-2A5208A51B56}.AppStore|iPhone.Deploy.0 = Release|Any CPU
		{A4C48490-86EA-4312-84D7-2A5208A51B56}.AppStore|iPhoneSimulator.ActiveCfg = Release|Any CPU
		{A4C48490-86EA-4312-84D7-2A5208A51B56}.AppStore|iPhoneSimulator.Build.0 = Release|Any CPU
		{A4C48490-86EA-4312-84D7-2A5208A51B56}.AppStore|iPhoneSimulator.Deploy.0 = Release|Any CPU
		{A4C48490-86EA-4312-84D7-2A5208A51B56}.Debug|Any CPU.ActiveCfg = Debug|Any CPU
		{A4C48490-86EA-4312-84D7-2A5208A51B56}.Debug|Any CPU.Build.0 = Debug|Any CPU
		{A4C48490-86EA-4312-84D7-2A5208A51B56}.Debug|Any CPU.Deploy.0 = Debug|Any CPU
		{A4C48490-86EA-4312-84D7-2A5208A51B56}.Debug|iPhone.ActiveCfg = Debug|Any CPU
		{A4C48490-86EA-4312-84D7-2A5208A51B56}.Debug|iPhone.Build.0 = Debug|Any CPU
		{A4C48490-86EA-4312-84D7-2A5208A51B56}.Debug|iPhone.Deploy.0 = Debug|Any CPU
		{A4C48490-86EA-4312-84D7-2A5208A51B56}.Debug|iPhoneSimulator.ActiveCfg = Debug|Any CPU
		{A4C48490-86EA-4312-84D7-2A5208A51B56}.Debug|iPhoneSimulator.Build.0 = Debug|Any CPU
		{A4C48490-86EA-4312-84D7-2A5208A51B56}.Debug|iPhoneSimulator.Deploy.0 = Debug|Any CPU
		{A4C48490-86EA-4312-84D7-2A5208A51B56}.Release|Any CPU.ActiveCfg = Release|Any CPU
		{A4C48490-86EA-4312-84D7-2A5208A51B56}.Release|Any CPU.Build.0 = Release|Any CPU
		{A4C48490-86EA-4312-84D7-2A5208A51B56}.Release|Any CPU.Deploy.0 = Release|Any CPU
		{A4C48490-86EA-4312-84D7-2A5208A51B56}.Release|iPhone.ActiveCfg = Release|Any CPU
		{A4C48490-86EA-4312-84D7-2A5208A51B56}.Release|iPhone.Build.0 = Release|Any CPU
		{A4C48490-86EA-4312-84D7-2A5208A51B56}.Release|iPhone.Deploy.0 = Release|Any CPU
		{A4C48490-86EA-4312-84D7-2A5208A51B56}.Release|iPhoneSimulator.ActiveCfg = Release|Any CPU
		{A4C48490-86EA-4312-84D7-2A5208A51B56}.Release|iPhoneSimulator.Build.0 = Release|Any CPU
		{A4C48490-86EA-4312-84D7-2A5208A51B56}.Release|iPhoneSimulator.Deploy.0 = Release|Any CPU
		{AA4FB214-AE7E-4B2E-916C-0881283D557E}.Ad-Hoc|Any CPU.ActiveCfg = Release|Any CPU
		{AA4FB214-AE7E-4B2E-916C-0881283D557E}.Ad-Hoc|Any CPU.Build.0 = Release|Any CPU
		{AA4FB214-AE7E-4B2E-916C-0881283D557E}.Ad-Hoc|iPhone.ActiveCfg = Release|Any CPU
		{AA4FB214-AE7E-4B2E-916C-0881283D557E}.Ad-Hoc|iPhone.Build.0 = Release|Any CPU
		{AA4FB214-AE7E-4B2E-916C-0881283D557E}.Ad-Hoc|iPhoneSimulator.ActiveCfg = Release|Any CPU
		{AA4FB214-AE7E-4B2E-916C-0881283D557E}.Ad-Hoc|iPhoneSimulator.Build.0 = Release|Any CPU
		{AA4FB214-AE7E-4B2E-916C-0881283D557E}.AppStore|Any CPU.ActiveCfg = Release|Any CPU
		{AA4FB214-AE7E-4B2E-916C-0881283D557E}.AppStore|Any CPU.Build.0 = Release|Any CPU
		{AA4FB214-AE7E-4B2E-916C-0881283D557E}.AppStore|iPhone.ActiveCfg = Release|Any CPU
		{AA4FB214-AE7E-4B2E-916C-0881283D557E}.AppStore|iPhone.Build.0 = Release|Any CPU
		{AA4FB214-AE7E-4B2E-916C-0881283D557E}.AppStore|iPhoneSimulator.ActiveCfg = Release|Any CPU
		{AA4FB214-AE7E-4B2E-916C-0881283D557E}.AppStore|iPhoneSimulator.Build.0 = Release|Any CPU
		{AA4FB214-AE7E-4B2E-916C-0881283D557E}.Debug|Any CPU.ActiveCfg = Debug|Any CPU
		{AA4FB214-AE7E-4B2E-916C-0881283D557E}.Debug|Any CPU.Build.0 = Debug|Any CPU
		{AA4FB214-AE7E-4B2E-916C-0881283D557E}.Debug|iPhone.ActiveCfg = Debug|Any CPU
		{AA4FB214-AE7E-4B2E-916C-0881283D557E}.Debug|iPhone.Build.0 = Debug|Any CPU
		{AA4FB214-AE7E-4B2E-916C-0881283D557E}.Debug|iPhoneSimulator.ActiveCfg = Debug|Any CPU
		{AA4FB214-AE7E-4B2E-916C-0881283D557E}.Debug|iPhoneSimulator.Build.0 = Debug|Any CPU
		{AA4FB214-AE7E-4B2E-916C-0881283D557E}.Release|Any CPU.ActiveCfg = Release|Any CPU
		{AA4FB214-AE7E-4B2E-916C-0881283D557E}.Release|Any CPU.Build.0 = Release|Any CPU
		{AA4FB214-AE7E-4B2E-916C-0881283D557E}.Release|iPhone.ActiveCfg = Release|Any CPU
		{AA4FB214-AE7E-4B2E-916C-0881283D557E}.Release|iPhone.Build.0 = Release|Any CPU
		{AA4FB214-AE7E-4B2E-916C-0881283D557E}.Release|iPhoneSimulator.ActiveCfg = Release|Any CPU
		{AA4FB214-AE7E-4B2E-916C-0881283D557E}.Release|iPhoneSimulator.Build.0 = Release|Any CPU
	EndGlobalSection
	GlobalSection(SolutionProperties) = preSolution
		HideSolutionNode = FALSE
	EndGlobalSection
	GlobalSection(ExtensibilityGlobals) = postSolution
		SolutionGuid = {78B9AC68-5210-4D8A-8F72-9F1302F89F6A}
	EndGlobalSection
EndGlobal
